// !$*UTF8*$!
{
	archiveVersion = 1;
	classes = {
	};
	objectVersion = 50;
	objects = {

/* Begin PBXBuildFile section */
		C2E11E3425B7D67200A8820F /* AppDelegate.swift in Sources */ = {isa = PBXBuildFile; fileRef = C2E11E3325B7D67200A8820F /* AppDelegate.swift */; };
		C2E11E3625B7D67200A8820F /* SceneDelegate.swift in Sources */ = {isa = PBXBuildFile; fileRef = C2E11E3525B7D67200A8820F /* SceneDelegate.swift */; };
		C2E11E3825B7D67200A8820F /* ViewController.swift in Sources */ = {isa = PBXBuildFile; fileRef = C2E11E3725B7D67200A8820F /* ViewController.swift */; };
		C2E11E3B25B7D67200A8820F /* Main.storyboard in Resources */ = {isa = PBXBuildFile; fileRef = C2E11E3925B7D67200A8820F /* Main.storyboard */; };
		C2E11E3D25B7D67300A8820F /* Assets.xcassets in Resources */ = {isa = PBXBuildFile; fileRef = C2E11E3C25B7D67300A8820F /* Assets.xcassets */; };
		C2E11E4025B7D67300A8820F /* LaunchScreen.storyboard in Resources */ = {isa = PBXBuildFile; fileRef = C2E11E3E25B7D67300A8820F /* LaunchScreen.storyboard */; };
		C2E11E4B25B7D67400A8820F /* PreworkTests.swift in Sources */ = {isa = PBXBuildFile; fileRef = C2E11E4A25B7D67400A8820F /* PreworkTests.swift */; };
		C2E11E5625B7D67400A8820F /* PreworkUITests.swift in Sources */ = {isa = PBXBuildFile; fileRef = C2E11E5525B7D67400A8820F /* PreworkUITests.swift */; };
/* End PBXBuildFile section */

/* Begin PBXContainerItemProxy section */
		C2E11E4725B7D67400A8820F /* PBXContainerItemProxy */ = {
			isa = PBXContainerItemProxy;
			containerPortal = C2E11E2825B7D67200A8820F /* Project object */;
			proxyType = 1;
			remoteGlobalIDString = C2E11E2F25B7D67200A8820F;
			remoteInfo = Prework;
		};
		C2E11E5225B7D67400A8820F /* PBXContainerItemProxy */ = {
			isa = PBXContainerItemProxy;
			containerPortal = C2E11E2825B7D67200A8820F /* Project object */;
			proxyType = 1;
			remoteGlobalIDString = C2E11E2F25B7D67200A8820F;
			remoteInfo = Prework;
		};
/* End PBXContainerItemProxy section */

/* Begin PBXFileReference section */
		C2E11E3025B7D67200A8820F /* Prework.app */ = {isa = PBXFileReference; explicitFileType = wrapper.application; includeInIndex = 0; path = Prework.app; sourceTree = BUILT_PRODUCTS_DIR; };
		C2E11E3325B7D67200A8820F /* AppDelegate.swift */ = {isa = PBXFileReference; lastKnownFileType = sourcecode.swift; path = AppDelegate.swift; sourceTree = "<group>"; };
		C2E11E3525B7D67200A8820F /* SceneDelegate.swift */ = {isa = PBXFileReference; lastKnownFileType = sourcecode.swift; path = SceneDelegate.swift; sourceTree = "<group>"; };
		C2E11E3725B7D67200A8820F /* ViewController.swift */ = {isa = PBXFileReference; lastKnownFileType = sourcecode.swift; path = ViewController.swift; sourceTree = "<group>"; };
		C2E11E3A25B7D67200A8820F /* Base */ = {isa = PBXFileReference; lastKnownFileType = file.storyboard; name = Base; path = Base.lproj/Main.storyboard; sourceTree = "<group>"; };
		C2E11E3C25B7D67300A8820F /* Assets.xcassets */ = {isa = PBXFileReference; lastKnownFileType = folder.assetcatalog; path = Assets.xcassets; sourceTree = "<group>"; };
		C2E11E3F25B7D67300A8820F /* Base */ = {isa = PBXFileReference; lastKnownFileType = file.storyboard; name = Base; path = Base.lproj/LaunchScreen.storyboard; sourceTree = "<group>"; };
		C2E11E4125B7D67300A8820F /* Info.plist */ = {isa = PBXFileReference; lastKnownFileType = text.plist.xml; path = Info.plist; sourceTree = "<group>"; };
		C2E11E4625B7D67400A8820F /* PreworkTests.xctest */ = {isa = PBXFileReference; explicitFileType = wrapper.cfbundle; includeInIndex = 0; path = PreworkTests.xctest; sourceTree = BUILT_PRODUCTS_DIR; };
		C2E11E4A25B7D67400A8820F /* PreworkTests.swift */ = {isa = PBXFileReference; lastKnownFileType = sourcecode.swift; path = PreworkTests.swift; sourceTree = "<group>"; };
		C2E11E4C25B7D67400A8820F /* Info.plist */ = {isa = PBXFileReference; lastKnownFileType = text.plist.xml; path = Info.plist; sourceTree = "<group>"; };
		C2E11E5125B7D67400A8820F /* PreworkUITests.xctest */ = {isa = PBXFileReference; explicitFileType = wrapper.cfbundle; includeInIndex = 0; path = PreworkUITests.xctest; sourceTree = BUILT_PRODUCTS_DIR; };
		C2E11E5525B7D67400A8820F /* PreworkUITests.swift */ = {isa = PBXFileReference; lastKnownFileType = sourcecode.swift; path = PreworkUITests.swift; sourceTree = "<group>"; };
		C2E11E5725B7D67400A8820F /* Info.plist */ = {isa = PBXFileReference; lastKnownFileType = text.plist.xml; path = Info.plist; sourceTree = "<group>"; };
/* End PBXFileReference section */

/* Begin PBXFrameworksBuildPhase section */
		C2E11E2D25B7D67200A8820F /* Frameworks */ = {
			isa = PBXFrameworksBuildPhase;
			buildActionMask = 2147483647;
			files = (
			);
			runOnlyForDeploymentPostprocessing = 0;
		};
		C2E11E4325B7D67400A8820F /* Frameworks */ = {
			isa = PBXFrameworksBuildPhase;
			buildActionMask = 2147483647;
			files = (
			);
			runOnlyForDeploymentPostprocessing = 0;
		};
		C2E11E4E25B7D67400A8820F /* Frameworks */ = {
			isa = PBXFrameworksBuildPhase;
			buildActionMask = 2147483647;
			files = (
			);
			runOnlyForDeploymentPostprocessing = 0;
		};
/* End PBXFrameworksBuildPhase section */

/* Begin PBXGroup section */
		C2E11E2725B7D67200A8820F = {
			isa = PBXGroup;
			children = (
				C2E11E3225B7D67200A8820F /* Prework */,
				C2E11E4925B7D67400A8820F /* PreworkTests */,
				C2E11E5425B7D67400A8820F /* PreworkUITests */,
				C2E11E3125B7D67200A8820F /* Products */,
			);
			sourceTree = "<group>";
		};
		C2E11E3125B7D67200A8820F /* Products */ = {
			isa = PBXGroup;
			children = (
				C2E11E3025B7D67200A8820F /* Prework.app */,
				C2E11E4625B7D67400A8820F /* PreworkTests.xctest */,
				C2E11E5125B7D67400A8820F /* PreworkUITests.xctest */,
			);
			name = Products;
			sourceTree = "<group>";
		};
		C2E11E3225B7D67200A8820F /* Prework */ = {
			isa = PBXGroup;
			children = (
				C2E11E3325B7D67200A8820F /* AppDelegate.swift */,
				C2E11E3525B7D67200A8820F /* SceneDelegate.swift */,
				C2E11E3725B7D67200A8820F /* ViewController.swift */,
				C2E11E3925B7D67200A8820F /* Main.storyboard */,
				C2E11E3C25B7D67300A8820F /* Assets.xcassets */,
				C2E11E3E25B7D67300A8820F /* LaunchScreen.storyboard */,
				C2E11E4125B7D67300A8820F /* Info.plist */,
			);
			path = Prework;
			sourceTree = "<group>";
		};
		C2E11E4925B7D67400A8820F /* PreworkTests */ = {
			isa = PBXGroup;
			children = (
				C2E11E4A25B7D67400A8820F /* PreworkTests.swift */,
				C2E11E4C25B7D67400A8820F /* Info.plist */,
			);
			path = PreworkTests;
			sourceTree = "<group>";
		};
		C2E11E5425B7D67400A8820F /* PreworkUITests */ = {
			isa = PBXGroup;
			children = (
				C2E11E5525B7D67400A8820F /* PreworkUITests.swift */,
				C2E11E5725B7D67400A8820F /* Info.plist */,
			);
			path = PreworkUITests;
			sourceTree = "<group>";
		};
/* End PBXGroup section */

/* Begin PBXNativeTarget section */
		C2E11E2F25B7D67200A8820F /* Prework */ = {
			isa = PBXNativeTarget;
			buildConfigurationList = C2E11E5A25B7D67400A8820F /* Build configuration list for PBXNativeTarget "Prework" */;
			buildPhases = (
				C2E11E2C25B7D67200A8820F /* Sources */,
				C2E11E2D25B7D67200A8820F /* Frameworks */,
				C2E11E2E25B7D67200A8820F /* Resources */,
			);
			buildRules = (
			);
			dependencies = (
			);
			name = Prework;
			productName = Prework;
			productReference = C2E11E3025B7D67200A8820F /* Prework.app */;
			productType = "com.apple.product-type.application";
		};
		C2E11E4525B7D67400A8820F /* PreworkTests */ = {
			isa = PBXNativeTarget;
			buildConfigurationList = C2E11E5D25B7D67400A8820F /* Build configuration list for PBXNativeTarget "PreworkTests" */;
			buildPhases = (
				C2E11E4225B7D67400A8820F /* Sources */,
				C2E11E4325B7D67400A8820F /* Frameworks */,
				C2E11E4425B7D67400A8820F /* Resources */,
			);
			buildRules = (
			);
			dependencies = (
				C2E11E4825B7D67400A8820F /* PBXTargetDependency */,
			);
			name = PreworkTests;
			productName = PreworkTests;
			productReference = C2E11E4625B7D67400A8820F /* PreworkTests.xctest */;
			productType = "com.apple.product-type.bundle.unit-test";
		};
		C2E11E5025B7D67400A8820F /* PreworkUITests */ = {
			isa = PBXNativeTarget;
			buildConfigurationList = C2E11E6025B7D67400A8820F /* Build configuration list for PBXNativeTarget "PreworkUITests" */;
			buildPhases = (
				C2E11E4D25B7D67400A8820F /* Sources */,
				C2E11E4E25B7D67400A8820F /* Frameworks */,
				C2E11E4F25B7D67400A8820F /* Resources */,
			);
			buildRules = (
			);
			dependencies = (
				C2E11E5325B7D67400A8820F /* PBXTargetDependency */,
			);
			name = PreworkUITests;
			productName = PreworkUITests;
			productReference = C2E11E5125B7D67400A8820F /* PreworkUITests.xctest */;
			productType = "com.apple.product-type.bundle.ui-testing";
		};
/* End PBXNativeTarget section */

/* Begin PBXProject section */
		C2E11E2825B7D67200A8820F /* Project object */ = {
			isa = PBXProject;
			attributes = {
				LastSwiftUpdateCheck = 1230;
				LastUpgradeCheck = 1230;
				TargetAttributes = {
					C2E11E2F25B7D67200A8820F = {
						CreatedOnToolsVersion = 12.3;
					};
					C2E11E4525B7D67400A8820F = {
						CreatedOnToolsVersion = 12.3;
						TestTargetID = C2E11E2F25B7D67200A8820F;
					};
					C2E11E5025B7D67400A8820F = {
						CreatedOnToolsVersion = 12.3;
						TestTargetID = C2E11E2F25B7D67200A8820F;
					};
				};
			};
			buildConfigurationList = C2E11E2B25B7D67200A8820F /* Build configuration list for PBXProject "Prework" */;
			compatibilityVersion = "Xcode 9.3";
			developmentRegion = en;
			hasScannedForEncodings = 0;
			knownRegions = (
				en,
				Base,
			);
			mainGroup = C2E11E2725B7D67200A8820F;
			productRefGroup = C2E11E3125B7D67200A8820F /* Products */;
			projectDirPath = "";
			projectRoot = "";
			targets = (
				C2E11E2F25B7D67200A8820F /* Prework */,
				C2E11E4525B7D67400A8820F /* PreworkTests */,
				C2E11E5025B7D67400A8820F /* PreworkUITests */,
			);
		};
/* End PBXProject section */

/* Begin PBXResourcesBuildPhase section */
		C2E11E2E25B7D67200A8820F /* Resources */ = {
			isa = PBXResourcesBuildPhase;
			buildActionMask = 2147483647;
			files = (
				C2E11E4025B7D67300A8820F /* LaunchScreen.storyboard in Resources */,
				C2E11E3D25B7D67300A8820F /* Assets.xcassets in Resources */,
				C2E11E3B25B7D67200A8820F /* Main.storyboard in Resources */,
			);
			runOnlyForDeploymentPostprocessing = 0;
		};
		C2E11E4425B7D67400A8820F /* Resources */ = {
			isa = PBXResourcesBuildPhase;
			buildActionMask = 2147483647;
			files = (
			);
			runOnlyForDeploymentPostprocessing = 0;
		};
		C2E11E4F25B7D67400A8820F /* Resources */ = {
			isa = PBXResourcesBuildPhase;
			buildActionMask = 2147483647;
			files = (
			);
			runOnlyForDeploymentPostprocessing = 0;
		};
/* End PBXResourcesBuildPhase section */

/* Begin PBXSourcesBuildPhase section */
		C2E11E2C25B7D67200A8820F /* Sources */ = {
			isa = PBXSourcesBuildPhase;
			buildActionMask = 2147483647;
			files = (
				C2E11E3825B7D67200A8820F /* ViewController.swift in Sources */,
				C2E11E3425B7D67200A8820F /* AppDelegate.swift in Sources */,
				C2E11E3625B7D67200A8820F /* SceneDelegate.swift in Sources */,
			);
			runOnlyForDeploymentPostprocessing = 0;
		};
		C2E11E4225B7D67400A8820F /* Sources */ = {
			isa = PBXSourcesBuildPhase;
			buildActionMask = 2147483647;
			files = (
				C2E11E4B25B7D67400A8820F /* PreworkTests.swift in Sources */,
			);
			runOnlyForDeploymentPostprocessing = 0;
		};
		C2E11E4D25B7D67400A8820F /* Sources */ = {
			isa = PBXSourcesBuildPhase;
			buildActionMask = 2147483647;
			files = (
				C2E11E5625B7D67400A8820F /* PreworkUITests.swift in Sources */,
			);
			runOnlyForDeploymentPostprocessing = 0;
		};
/* End PBXSourcesBuildPhase section */

/* Begin PBXTargetDependency section */
		C2E11E4825B7D67400A8820F /* PBXTargetDependency */ = {
			isa = PBXTargetDependency;
			target = C2E11E2F25B7D67200A8820F /* Prework */;
			targetProxy = C2E11E4725B7D67400A8820F /* PBXContainerItemProxy */;
		};
		C2E11E5325B7D67400A8820F /* PBXTargetDependency */ = {
			isa = PBXTargetDependency;
			target = C2E11E2F25B7D67200A8820F /* Prework */;
			targetProxy = C2E11E5225B7D67400A8820F /* PBXContainerItemProxy */;
		};
/* End PBXTargetDependency section */

/* Begin PBXVariantGroup section */
		C2E11E3925B7D67200A8820F /* Main.storyboard */ = {
			isa = PBXVariantGroup;
			children = (
				C2E11E3A25B7D67200A8820F /* Base */,
			);
			name = Main.storyboard;
			sourceTree = "<group>";
		};
		C2E11E3E25B7D67300A8820F /* LaunchScreen.storyboard */ = {
			isa = PBXVariantGroup;
			children = (
				C2E11E3F25B7D67300A8820F /* Base */,
			);
			name = LaunchScreen.storyboard;
			sourceTree = "<group>";
		};
/* End PBXVariantGroup section */

/* Begin XCBuildConfiguration section */
		C2E11E5825B7D67400A8820F /* Debug */ = {
			isa = XCBuildConfiguration;
			buildSettings = {
				ALWAYS_SEARCH_USER_PATHS = NO;
				CLANG_ANALYZER_NONNULL = YES;
				CLANG_ANALYZER_NUMBER_OBJECT_CONVERSION = YES_AGGRESSIVE;
				CLANG_CXX_LANGUAGE_STANDARD = "gnu++14";
				CLANG_CXX_LIBRARY = "libc++";
				CLANG_ENABLE_MODULES = YES;
				CLANG_ENABLE_OBJC_ARC = YES;
				CLANG_ENABLE_OBJC_WEAK = YES;
				CLANG_WARN_BLOCK_CAPTURE_AUTORELEASING = YES;
				CLANG_WARN_BOOL_CONVERSION = YES;
				CLANG_WARN_COMMA = YES;
				CLANG_WARN_CONSTANT_CONVERSION = YES;
				CLANG_WARN_DEPRECATED_OBJC_IMPLEMENTATIONS = YES;
				CLANG_WARN_DIRECT_OBJC_ISA_USAGE = YES_ERROR;
				CLANG_WARN_DOCUMENTATION_COMMENTS = YES;
				CLANG_WARN_EMPTY_BODY = YES;
				CLANG_WARN_ENUM_CONVERSION = YES;
				CLANG_WARN_INFINITE_RECURSION = YES;
				CLANG_WARN_INT_CONVERSION = YES;
				CLANG_WARN_NON_LITERAL_NULL_CONVERSION = YES;
				CLANG_WARN_OBJC_IMPLICIT_RETAIN_SELF = YES;
				CLANG_WARN_OBJC_LITERAL_CONVERSION = YES;
				CLANG_WARN_OBJC_ROOT_CLASS = YES_ERROR;
				CLANG_WARN_QUOTED_INCLUDE_IN_FRAMEWORK_HEADER = YES;
				CLANG_WARN_RANGE_LOOP_ANALYSIS = YES;
				CLANG_WARN_STRICT_PROTOTYPES = YES;
				CLANG_WARN_SUSPICIOUS_MOVE = YES;
				CLANG_WARN_UNGUARDED_AVAILABILITY = YES_AGGRESSIVE;
				CLANG_WARN_UNREACHABLE_CODE = YES;
				CLANG_WARN__DUPLICATE_METHOD_MATCH = YES;
				COPY_PHASE_STRIP = NO;
				DEBUG_INFORMATION_FORMAT = dwarf;
				ENABLE_STRICT_OBJC_MSGSEND = YES;
				ENABLE_TESTABILITY = YES;
				GCC_C_LANGUAGE_STANDARD = gnu11;
				GCC_DYNAMIC_NO_PIC = NO;
				GCC_NO_COMMON_BLOCKS = YES;
				GCC_OPTIMIZATION_LEVEL = 0;
				GCC_PREPROCESSOR_DEFINITIONS = (
					"DEBUG=1",
					"$(inherited)",
				);
				GCC_WARN_64_TO_32_BIT_CONVERSION = YES;
				GCC_WARN_ABOUT_RETURN_TYPE = YES_ERROR;
				GCC_WARN_UNDECLARED_SELECTOR = YES;
				GCC_WARN_UNINITIALIZED_AUTOS = YES_AGGRESSIVE;
				GCC_WARN_UNUSED_FUNCTION = YES;
				GCC_WARN_UNUSED_VARIABLE = YES;
				IPHONEOS_DEPLOYMENT_TARGET = 14.3;
				MTL_ENABLE_DEBUG_INFO = INCLUDE_SOURCE;
				MTL_FAST_MATH = YES;
				ONLY_ACTIVE_ARCH = YES;
				SDKROOT = iphoneos;
				SWIFT_ACTIVE_COMPILATION_CONDITIONS = DEBUG;
				SWIFT_OPTIMIZATION_LEVEL = "-Onone";
			};
			name = Debug;
		};
		C2E11E5925B7D67400A8820F /* Release */ = {
			isa = XCBuildConfiguration;
			buildSettings = {
				ALWAYS_SEARCH_USER_PATHS = NO;
				CLANG_ANALYZER_NONNULL = YES;
				CLANG_ANALYZER_NUMBER_OBJECT_CONVERSION = YES_AGGRESSIVE;
				CLANG_CXX_LANGUAGE_STANDARD = "gnu++14";
				CLANG_CXX_LIBRARY = "libc++";
				CLANG_ENABLE_MODULES = YES;
				CLANG_ENABLE_OBJC_ARC = YES;
				CLANG_ENABLE_OBJC_WEAK = YES;
				CLANG_WARN_BLOCK_CAPTURE_AUTORELEASING = YES;
				CLANG_WARN_BOOL_CONVERSION = YES;
				CLANG_WARN_COMMA = YES;
				CLANG_WARN_CONSTANT_CONVERSION = YES;
				CLANG_WARN_DEPRECATED_OBJC_IMPLEMENTATIONS = YES;
				CLANG_WARN_DIRECT_OBJC_ISA_USAGE = YES_ERROR;
				CLANG_WARN_DOCUMENTATION_COMMENTS = YES;
				CLANG_WARN_EMPTY_BODY = YES;
				CLANG_WARN_ENUM_CONVERSION = YES;
				CLANG_WARN_INFINITE_RECURSION = YES;
				CLANG_WARN_INT_CONVERSION = YES;
				CLANG_WARN_NON_LITERAL_NULL_CONVERSION = YES;
				CLANG_WARN_OBJC_IMPLICIT_RETAIN_SELF = YES;
				CLANG_WARN_OBJC_LITERAL_CONVERSION = YES;
				CLANG_WARN_OBJC_ROOT_CLASS = YES_ERROR;
				CLANG_WARN_QUOTED_INCLUDE_IN_FRAMEWORK_HEADER = YES;
				CLANG_WARN_RANGE_LOOP_ANALYSIS = YES;
				CLANG_WARN_STRICT_PROTOTYPES = YES;
				CLANG_WARN_SUSPICIOUS_MOVE = YES;
				CLANG_WARN_UNGUARDED_AVAILABILITY = YES_AGGRESSIVE;
				CLANG_WARN_UNREACHABLE_CODE = YES;
				CLANG_WARN__DUPLICATE_METHOD_MATCH = YES;
				COPY_PHASE_STRIP = NO;
				DEBUG_INFORMATION_FORMAT = "dwarf-with-dsym";
				ENABLE_NS_ASSERTIONS = NO;
				ENABLE_STRICT_OBJC_MSGSEND = YES;
				GCC_C_LANGUAGE_STANDARD = gnu11;
				GCC_NO_COMMON_BLOCKS = YES;
				GCC_WARN_64_TO_32_BIT_CONVERSION = YES;
				GCC_WARN_ABOUT_RETURN_TYPE = YES_ERROR;
				GCC_WARN_UNDECLARED_SELECTOR = YES;
				GCC_WARN_UNINITIALIZED_AUTOS = YES_AGGRESSIVE;
				GCC_WARN_UNUSED_FUNCTION = YES;
				GCC_WARN_UNUSED_VARIABLE = YES;
				IPHONEOS_DEPLOYMENT_TARGET = 14.3;
				MTL_ENABLE_DEBUG_INFO = NO;
				MTL_FAST_MATH = YES;
				SDKROOT = iphoneos;
				SWIFT_COMPILATION_MODE = wholemodule;
				SWIFT_OPTIMIZATION_LEVEL = "-O";
				VALIDATE_PRODUCT = YES;
			};
			name = Release;
		};
		C2E11E5B25B7D67400A8820F /* Debug */ = {
			isa = XCBuildConfiguration;
			buildSettings = {
				ASSETCATALOG_COMPILER_APPICON_NAME = AppIcon;
				ASSETCATALOG_COMPILER_GLOBAL_ACCENT_COLOR_NAME = AccentColor;
				CODE_SIGN_STYLE = Automatic;
				DEVELOPMENT_TEAM = NU9NHD2NSD;
				INFOPLIST_FILE = Prework/Info.plist;
				LD_RUNPATH_SEARCH_PATHS = (
					"$(inherited)",
					"@executable_path/Frameworks",
				);
				PRODUCT_BUNDLE_IDENTIFIER = Luis.Prework;
				PRODUCT_NAME = "$(TARGET_NAME)";
				SWIFT_VERSION = 5.0;
				TARGETED_DEVICE_FAMILY = "1,2";
			};
			name = Debug;
		};
		C2E11E5C25B7D67400A8820F /* Release */ = {
			isa = XCBuildConfiguration;
			buildSettings = {
				ASSETCATALOG_COMPILER_APPICON_NAME = AppIcon;
				ASSETCATALOG_COMPILER_GLOBAL_ACCENT_COLOR_NAME = AccentColor;
				CODE_SIGN_STYLE = Automatic;
				DEVELOPMENT_TEAM = NU9NHD2NSD;
				INFOPLIST_FILE = Prework/Info.plist;
				LD_RUNPATH_SEARCH_PATHS = (
					"$(inherited)",
					"@executable_path/Frameworks",
				);
				PRODUCT_BUNDLE_IDENTIFIER = Luis.Prework;
				PRODUCT_NAME = "$(TARGET_NAME)";
				SWIFT_VERSION = 5.0;
				TARGETED_DEVICE_FAMILY = "1,2";
			};
			name = Release;
		};
		C2E11E5E25B7D67400A8820F /* Debug */ = {
			isa = XCBuildConfiguration;
			buildSettings = {
				ALWAYS_EMBED_SWIFT_STANDARD_LIBRARIES = YES;
				BUNDLE_LOADER = "$(TEST_HOST)";
				CODE_SIGN_STYLE = Automatic;
				DEVELOPMENT_TEAM = NU9NHD2NSD;
				INFOPLIST_FILE = PreworkTests/Info.plist;
				IPHONEOS_DEPLOYMENT_TARGET = 14.3;
				LD_RUNPATH_SEARCH_PATHS = (
					"$(inherited)",
					"@executable_path/Frameworks",
					"@loader_path/Frameworks",
				);
				PRODUCT_BUNDLE_IDENTIFIER = Luis.PreworkTests;
				PRODUCT_NAME = "$(TARGET_NAME)";
				SWIFT_VERSION = 5.0;
				TARGETED_DEVICE_FAMILY = "1,2";
				TEST_HOST = "$(BUILT_PRODUCTS_DIR)/Prework.app/Prework";
			};
			name = Debug;
		};
		C2E11E5F25B7D67400A8820F /* Release */ = {
			isa = XCBuildConfiguration;
			buildSettings = {
				ALWAYS_EMBED_SWIFT_STANDARD_LIBRARIES = YES;
				BUNDLE_LOADER = "$(TEST_HOST)";
				CODE_SIGN_STYLE = Automatic;
				DEVELOPMENT_TEAM = NU9NHD2NSD;
				INFOPLIST_FILE = PreworkTests/Info.plist;
				IPHONEOS_DEPLOYMENT_TARGET = 14.3;
				LD_RUNPATH_SEARCH_PATHS = (
					"$(inherited)",
					"@executable_path/Frameworks",
					"@loader_path/Frameworks",
				);
				PRODUCT_BUNDLE_IDENTIFIER = Luis.PreworkTests;
				PRODUCT_NAME = "$(TARGET_NAME)";
				SWIFT_VERSION = 5.0;
				TARGETED_DEVICE_FAMILY = "1,2";
				TEST_HOST = "$(BUILT_PRODUCTS_DIR)/Prework.app/Prework";
			};
			name = Release;
		};
		C2E11E6125B7D67400A8820F /* Debug */ = {
			isa = XCBuildConfiguration;
			buildSettings = {
				ALWAYS_EMBED_SWIFT_STANDARD_LIBRARIES = YES;
				CODE_SIGN_STYLE = Automatic;
				DEVELOPMENT_TEAM = NU9NHD2NSD;
				INFOPLIST_FILE = PreworkUITests/Info.plist;
				LD_RUNPATH_SEARCH_PATHS = (
					"$(inherited)",
					"@executable_path/Frameworks",
					"@loader_path/Frameworks",
				);
				PRODUCT_BUNDLE_IDENTIFIER = Luis.PreworkUITests;
				PRODUCT_NAME = "$(TARGET_NAME)";
				SWIFT_VERSION = 5.0;
				TARGETED_DEVICE_FAMILY = "1,2";
				TEST_TARGET_NAME = Prework;
			};
			name = Debug;
		};
		C2E11E6225B7D67400A8820F /* Release */ = {
			isa = XCBuildConfiguration;
			buildSettings = {
				ALWAYS_EMBED_SWIFT_STANDARD_LIBRARIES = YES;
				CODE_SIGN_STYLE = Automatic;
				DEVELOPMENT_TEAM = NU9NHD2NSD;
				INFOPLIST_FILE = PreworkUITests/Info.plist;
				LD_RUNPATH_SEARCH_PATHS = (
					"$(inherited)",
					"@executable_path/Frameworks",
					"@loader_path/Frameworks",
				);
				PRODUCT_BUNDLE_IDENTIFIER = Luis.PreworkUITests;
				PRODUCT_NAME = "$(TARGET_NAME)";
				SWIFT_VERSION = 5.0;
				TARGETED_DEVICE_FAMILY = "1,2";
				TEST_TARGET_NAME = Prework;
			};
			name = Release;
		};
/* End XCBuildConfiguration section */

/* Begin XCConfigurationList section */
		C2E11E2B25B7D67200A8820F /* Build configuration list for PBXProject "Prework" */ = {
			isa = XCConfigurationList;
			buildConfigurations = (
				C2E11E5825B7D67400A8820F /* Debug */,
				C2E11E5925B7D67400A8820F /* Release */,
			);
			defaultConfigurationIsVisible = 0;
			defaultConfigurationName = Release;
		};
		C2E11E5A25B7D67400A8820F /* Build configuration list for PBXNativeTarget "Prework" */ = {
			isa = XCConfigurationList;
			buildConfigurations = (
				C2E11E5B25B7D67400A8820F /* Debug */,
				C2E11E5C25B7D67400A8820F /* Release */,
			);
			defaultConfigurationIsVisible = 0;
			defaultConfigurationName = Release;
		};
		C2E11E5D25B7D67400A8820F /* Build configuration list for PBXNativeTarget "PreworkTests" */ = {
			isa = XCConfigurationList;
			buildConfigurations = (
				C2E11E5E25B7D67400A8820F /* Debug */,
				C2E11E5F25B7D67400A8820F /* Release */,
			);
			defaultConfigurationIsVisible = 0;
			defaultConfigurationName = Release;
		};
		C2E11E6025B7D67400A8820F /* Build configuration list for PBXNativeTarget "PreworkUITests" */ = {
			isa = XCConfigurationList;
			buildConfigurations = (
				C2E11E6125B7D67400A8820F /* Debug */,
				C2E11E6225B7D67400A8820F /* Release */,
			);
			defaultConfigurationIsVisible = 0;
			defaultConfigurationName = Release;
		};
/* End XCConfigurationList section */
	};
	rootObject = C2E11E2825B7D67200A8820F /* Project object */;
}
